
Microsoft Visual Studio Solution File, Format Version 12.00
# Visual Studio Version 16
VisualStudioVersion = 16.0.30523.141
MinimumVisualStudioVersion = 10.0.40219.1
Project("{FAE04EC0-301F-11D3-BF4B-00C04F79EFBC}") = "RehersalReservation", "RehersalReservation.csproj", "{30BC0C97-5FE4-4819-8B35-0ED693FA66CB}"
EndProject
Project("{FAE04EC0-301F-11D3-BF4B-00C04F79EFBC}") = "RehersalReservation.Tests", "..\RehersalReservation.Tests\RehersalReservation.Tests.csproj", "{474063F2-CE70-4655-9156-EF7FB04BC29F}"
EndProject
Project("{FAE04EC0-301F-11D3-BF4B-00C04F79EFBC}") = "BusinessLayer", "..\BusinessLayer\BusinessLayer.csproj", "{BC6D218F-512E-4888-9304-EBCED9DFB1B0}"
EndProject
Project("{FAE04EC0-301F-11D3-BF4B-00C04F79EFBC}") = "BusinessLayer.Tests", "..\BusinessLayer.Tests\BusinessLayer.Tests.csproj", "{C4BE4775-B340-4517-B5ED-8A29BC99D039}"
EndProject
Project("{FAE04EC0-301F-11D3-BF4B-00C04F79EFBC}") = "Database", "..\Database\Database.csproj", "{538F834E-54E9-4CE5-ACC6-B2F1EE4B2726}"
EndProject
Project("{FAE04EC0-301F-11D3-BF4B-00C04F79EFBC}") = "DataLayer", "..\DataLayer\DataLayer.csproj", "{B89314AA-A8C4-43D2-91E0-922A9BFDCB7E}"
EndProject
Project("{FAE04EC0-301F-11D3-BF4B-00C04F79EFBC}") = "DTO", "..\DTO\DTO.csproj", "{DC4B3233-35CC-4D51-9560-9752D03F308A}"
EndProject
Project("{FAE04EC0-301F-11D3-BF4B-00C04F79EFBC}") = "Entity", "..\Entity\Entity.csproj", "{5787E499-B2C6-4FDE-A32B-E1DD2C7DDF78}"
EndProject
Project("{FAE04EC0-301F-11D3-BF4B-00C04F79EFBC}") = "Services", "..\Services\Services.csproj", "{815404CB-66D1-4334-B9FF-8536C8DEC23F}"
EndProject
Global
	GlobalSection(SolutionConfigurationPlatforms) = preSolution
		Debug|Any CPU = Debug|Any CPU
		Release|Any CPU = Release|Any CPU
	EndGlobalSection
	GlobalSection(ProjectConfigurationPlatforms) = postSolution
		{30BC0C97-5FE4-4819-8B35-0ED693FA66CB}.Debug|Any CPU.ActiveCfg = Debug|Any CPU
		{30BC0C97-5FE4-4819-8B35-0ED693FA66CB}.Debug|Any CPU.Build.0 = Debug|Any CPU
		{30BC0C97-5FE4-4819-8B35-0ED693FA66CB}.Release|Any CPU.ActiveCfg = Release|Any CPU
		{30BC0C97-5FE4-4819-8B35-0ED693FA66CB}.Release|Any CPU.Build.0 = Release|Any CPU
		{474063F2-CE70-4655-9156-EF7FB04BC29F}.Debug|Any CPU.ActiveCfg = Debug|Any CPU
		{474063F2-CE70-4655-9156-EF7FB04BC29F}.Debug|Any CPU.Build.0 = Debug|Any CPU
		{474063F2-CE70-4655-9156-EF7FB04BC29F}.Release|Any CPU.ActiveCfg = Release|Any CPU
		{474063F2-CE70-4655-9156-EF7FB04BC29F}.Release|Any CPU.Build.0 = Release|Any CPU
		{BC6D218F-512E-4888-9304-EBCED9DFB1B0}.Debug|Any CPU.ActiveCfg = Debug|Any CPU
		{BC6D218F-512E-4888-9304-EBCED9DFB1B0}.Debug|Any CPU.Build.0 = Debug|Any CPU
		{BC6D218F-512E-4888-9304-EBCED9DFB1B0}.Release|Any CPU.ActiveCfg = Release|Any CPU
		{BC6D218F-512E-4888-9304-EBCED9DFB1B0}.Release|Any CPU.Build.0 = Release|Any CPU
		{C4BE4775-B340-4517-B5ED-8A29BC99D039}.Debug|Any CPU.ActiveCfg = Debug|Any CPU
		{C4BE4775-B340-4517-B5ED-8A29BC99D039}.Debug|Any CPU.Build.0 = Debug|Any CPU
		{C4BE4775-B340-4517-B5ED-8A29BC99D039}.Release|Any CPU.ActiveCfg = Release|Any CPU
		{C4BE4775-B340-4517-B5ED-8A29BC99D039}.Release|Any CPU.Build.0 = Release|Any CPU
		{538F834E-54E9-4CE5-ACC6-B2F1EE4B2726}.Debug|Any CPU.ActiveCfg = Debug|Any CPU
		{538F834E-54E9-4CE5-ACC6-B2F1EE4B2726}.Debug|Any CPU.Build.0 = Debug|Any CPU
		{538F834E-54E9-4CE5-ACC6-B2F1EE4B2726}.Release|Any CPU.ActiveCfg = Release|Any CPU
		{538F834E-54E9-4CE5-ACC6-B2F1EE4B2726}.Release|Any CPU.Build.0 = Release|Any CPU
		{B89314AA-A8C4-43D2-91E0-922A9BFDCB7E}.Debug|Any CPU.ActiveCfg = Debug|Any CPU
		{B89314AA-A8C4-43D2-91E0-922A9BFDCB7E}.Debug|Any CPU.Build.0 = Debug|Any CPU
		{B89314AA-A8C4-43D2-91E0-922A9BFDCB7E}.Release|Any CPU.ActiveCfg = Release|Any CPU
		{B89314AA-A8C4-43D2-91E0-922A9BFDCB7E}.Release|Any CPU.Build.0 = Release|Any CPU
		{DC4B3233-35CC-4D51-9560-9752D03F308A}.Debug|Any CPU.ActiveCfg = Debug|Any CPU
		{DC4B3233-35CC-4D51-9560-9752D03F308A}.Debug|Any CPU.Build.0 = Debug|Any CPU
		{DC4B3233-35CC-4D51-9560-9752D03F308A}.Release|Any CPU.ActiveCfg = Release|Any CPU
		{DC4B3233-35CC-4D51-9560-9752D03F308A}.Release|Any CPU.Build.0 = Release|Any CPU
		{5787E499-B2C6-4FDE-A32B-E1DD2C7DDF78}.Debug|Any CPU.ActiveCfg = Debug|Any CPU
		{5787E499-B2C6-4FDE-A32B-E1DD2C7DDF78}.Debug|Any CPU.Build.0 = Debug|Any CPU
		{5787E499-B2C6-4FDE-A32B-E1DD2C7DDF78}.Release|Any CPU.ActiveCfg = Release|Any CPU
		{5787E499-B2C6-4FDE-A32B-E1DD2C7DDF78}.Release|Any CPU.Build.0 = Release|Any CPU
		{815404CB-66D1-4334-B9FF-8536C8DEC23F}.Debug|Any CPU.ActiveCfg = Debug|Any CPU
		{815404CB-66D1-4334-B9FF-8536C8DEC23F}.Debug|Any CPU.Build.0 = Debug|Any CPU
		{815404CB-66D1-4334-B9FF-8536C8DEC23F}.Release|Any CPU.ActiveCfg = Release|Any CPU
		{815404CB-66D1-4334-B9FF-8536C8DEC23F}.Release|Any CPU.Build.0 = Release|Any CPU
	EndGlobalSection
	GlobalSection(SolutionProperties) = preSolution
		HideSolutionNode = FALSE
	EndGlobalSection
	GlobalSection(ExtensibilityGlobals) = postSolution
		SolutionGuid = {CBDCDCCC-132B-4067-890D-26D95FAA9E5E}
	EndGlobalSection
EndGlobal
